// !$*UTF8*$!
{
	archiveVersion = 1;
	classes = {
	};
	objectVersion = 50;
	objects = {

/* Begin PBXBuildFile section */
		5C8082E82519C3FA004DE9E6 /* AppDelegate.swift in Sources */ = {isa = PBXBuildFile; fileRef = 5C8082E72519C3FA004DE9E6 /* AppDelegate.swift */; };
		5C8082EA2519C3FA004DE9E6 /* SceneDelegate.swift in Sources */ = {isa = PBXBuildFile; fileRef = 5C8082E92519C3FA004DE9E6 /* SceneDelegate.swift */; };
		5C8082EC2519C3FA004DE9E6 /* ContentView.swift in Sources */ = {isa = PBXBuildFile; fileRef = 5C8082EB2519C3FA004DE9E6 /* ContentView.swift */; };
		5C8082EE2519C3FB004DE9E6 /* Assets.xcassets in Resources */ = {isa = PBXBuildFile; fileRef = 5C8082ED2519C3FB004DE9E6 /* Assets.xcassets */; };
		5C8082F12519C3FB004DE9E6 /* Preview Assets.xcassets in Resources */ = {isa = PBXBuildFile; fileRef = 5C8082F02519C3FB004DE9E6 /* Preview Assets.xcassets */; };
		5C8082F42519C3FB004DE9E6 /* LaunchScreen.storyboard in Resources */ = {isa = PBXBuildFile; fileRef = 5C8082F22519C3FB004DE9E6 /* LaunchScreen.storyboard */; };
		5C8082FF2519C3FC004DE9E6 /* InnerOuterAnimationSwiftUITests.swift in Sources */ = {isa = PBXBuildFile; fileRef = 5C8082FE2519C3FC004DE9E6 /* InnerOuterAnimationSwiftUITests.swift */; };
		5C80830A2519C3FC004DE9E6 /* InnerOuterAnimationSwiftUIUITests.swift in Sources */ = {isa = PBXBuildFile; fileRef = 5C8083092519C3FC004DE9E6 /* InnerOuterAnimationSwiftUIUITests.swift */; };
/* End PBXBuildFile section */

/* Begin PBXContainerItemProxy section */
		5C8082FB2519C3FC004DE9E6 /* PBXContainerItemProxy */ = {
			isa = PBXContainerItemProxy;
			containerPortal = 5C8082DC2519C3FA004DE9E6 /* Project object */;
			proxyType = 1;
			remoteGlobalIDString = 5C8082E32519C3FA004DE9E6;
			remoteInfo = InnerOuterAnimationSwiftUI;
		};
		5C8083062519C3FC004DE9E6 /* PBXContainerItemProxy */ = {
			isa = PBXContainerItemProxy;
			containerPortal = 5C8082DC2519C3FA004DE9E6 /* Project object */;
			proxyType = 1;
			remoteGlobalIDString = 5C8082E32519C3FA004DE9E6;
			remoteInfo = InnerOuterAnimationSwiftUI;
		};
/* End PBXContainerItemProxy section */

/* Begin PBXFileReference section */
		5C8082E42519C3FA004DE9E6 /* InnerOuterAnimationSwiftUI.app */ = {isa = PBXFileReference; explicitFileType = wrapper.application; includeInIndex = 0; path = InnerOuterAnimationSwiftUI.app; sourceTree = BUILT_PRODUCTS_DIR; };
		5C8082E72519C3FA004DE9E6 /* AppDelegate.swift */ = {isa = PBXFileReference; lastKnownFileType = sourcecode.swift; path = AppDelegate.swift; sourceTree = "<group>"; };
		5C8082E92519C3FA004DE9E6 /* SceneDelegate.swift */ = {isa = PBXFileReference; lastKnownFileType = sourcecode.swift; path = SceneDelegate.swift; sourceTree = "<group>"; };
		5C8082EB2519C3FA004DE9E6 /* ContentView.swift */ = {isa = PBXFileReference; lastKnownFileType = sourcecode.swift; path = ContentView.swift; sourceTree = "<group>"; };
		5C8082ED2519C3FB004DE9E6 /* Assets.xcassets */ = {isa = PBXFileReference; lastKnownFileType = folder.assetcatalog; path = Assets.xcassets; sourceTree = "<group>"; };
		5C8082F02519C3FB004DE9E6 /* Preview Assets.xcassets */ = {isa = PBXFileReference; lastKnownFileType = folder.assetcatalog; path = "Preview Assets.xcassets"; sourceTree = "<group>"; };
		5C8082F32519C3FB004DE9E6 /* Base */ = {isa = PBXFileReference; lastKnownFileType = file.storyboard; name = Base; path = Base.lproj/LaunchScreen.storyboard; sourceTree = "<group>"; };
		5C8082F52519C3FB004DE9E6 /* Info.plist */ = {isa = PBXFileReference; lastKnownFileType = text.plist.xml; path = Info.plist; sourceTree = "<group>"; };
		5C8082FA2519C3FC004DE9E6 /* InnerOuterAnimationSwiftUITests.xctest */ = {isa = PBXFileReference; explicitFileType = wrapper.cfbundle; includeInIndex = 0; path = InnerOuterAnimationSwiftUITests.xctest; sourceTree = BUILT_PRODUCTS_DIR; };
		5C8082FE2519C3FC004DE9E6 /* InnerOuterAnimationSwiftUITests.swift */ = {isa = PBXFileReference; lastKnownFileType = sourcecode.swift; path = InnerOuterAnimationSwiftUITests.swift; sourceTree = "<group>"; };
		5C8083002519C3FC004DE9E6 /* Info.plist */ = {isa = PBXFileReference; lastKnownFileType = text.plist.xml; path = Info.plist; sourceTree = "<group>"; };
		5C8083052519C3FC004DE9E6 /* InnerOuterAnimationSwiftUIUITests.xctest */ = {isa = PBXFileReference; explicitFileType = wrapper.cfbundle; includeInIndex = 0; path = InnerOuterAnimationSwiftUIUITests.xctest; sourceTree = BUILT_PRODUCTS_DIR; };
		5C8083092519C3FC004DE9E6 /* InnerOuterAnimationSwiftUIUITests.swift */ = {isa = PBXFileReference; lastKnownFileType = sourcecode.swift; path = InnerOuterAnimationSwiftUIUITests.swift; sourceTree = "<group>"; };
		5C80830B2519C3FC004DE9E6 /* Info.plist */ = {isa = PBXFileReference; lastKnownFileType = text.plist.xml; path = Info.plist; sourceTree = "<group>"; };
/* End PBXFileReference section */

/* Begin PBXFrameworksBuildPhase section */
		5C8082E12519C3FA004DE9E6 /* Frameworks */ = {
			isa = PBXFrameworksBuildPhase;
			buildActionMask = 2147483647;
			files = (
			);
			runOnlyForDeploymentPostprocessing = 0;
		};
		5C8082F72519C3FC004DE9E6 /* Frameworks */ = {
			isa = PBXFrameworksBuildPhase;
			buildActionMask = 2147483647;
			files = (
			);
			runOnlyForDeploymentPostprocessing = 0;
		};
		5C8083022519C3FC004DE9E6 /* Frameworks */ = {
			isa = PBXFrameworksBuildPhase;
			buildActionMask = 2147483647;
			files = (
			);
			runOnlyForDeploymentPostprocessing = 0;
		};
/* End PBXFrameworksBuildPhase section */

/* Begin PBXGroup section */
		5C8082DB2519C3FA004DE9E6 = {
			isa = PBXGroup;
			children = (
				5C8082E62519C3FA004DE9E6 /* InnerOuterAnimationSwiftUI */,
				5C8082FD2519C3FC004DE9E6 /* InnerOuterAnimationSwiftUITests */,
				5C8083082519C3FC004DE9E6 /* InnerOuterAnimationSwiftUIUITests */,
				5C8082E52519C3FA004DE9E6 /* Products */,
			);
			sourceTree = "<group>";
		};
		5C8082E52519C3FA004DE9E6 /* Products */ = {
			isa = PBXGroup;
			children = (
				5C8082E42519C3FA004DE9E6 /* InnerOuterAnimationSwiftUI.app */,
				5C8082FA2519C3FC004DE9E6 /* InnerOuterAnimationSwiftUITests.xctest */,
				5C8083052519C3FC004DE9E6 /* InnerOuterAnimationSwiftUIUITests.xctest */,
			);
			name = Products;
			sourceTree = "<group>";
		};
		5C8082E62519C3FA004DE9E6 /* InnerOuterAnimationSwiftUI */ = {
			isa = PBXGroup;
			children = (
				5C8082E72519C3FA004DE9E6 /* AppDelegate.swift */,
				5C8082E92519C3FA004DE9E6 /* SceneDelegate.swift */,
				5C8082EB2519C3FA004DE9E6 /* ContentView.swift */,
				5C8082ED2519C3FB004DE9E6 /* Assets.xcassets */,
				5C8082F22519C3FB004DE9E6 /* LaunchScreen.storyboard */,
				5C8082F52519C3FB004DE9E6 /* Info.plist */,
				5C8082EF2519C3FB004DE9E6 /* Preview Content */,
			);
			path = InnerOuterAnimationSwiftUI;
			sourceTree = "<group>";
		};
		5C8082EF2519C3FB004DE9E6 /* Preview Content */ = {
			isa = PBXGroup;
			children = (
				5C8082F02519C3FB004DE9E6 /* Preview Assets.xcassets */,
			);
			path = "Preview Content";
			sourceTree = "<group>";
		};
		5C8082FD2519C3FC004DE9E6 /* InnerOuterAnimationSwiftUITests */ = {
			isa = PBXGroup;
			children = (
				5C8082FE2519C3FC004DE9E6 /* InnerOuterAnimationSwiftUITests.swift */,
				5C8083002519C3FC004DE9E6 /* Info.plist */,
			);
			path = InnerOuterAnimationSwiftUITests;
			sourceTree = "<group>";
		};
		5C8083082519C3FC004DE9E6 /* InnerOuterAnimationSwiftUIUITests */ = {
			isa = PBXGroup;
			children = (
				5C8083092519C3FC004DE9E6 /* InnerOuterAnimationSwiftUIUITests.swift */,
				5C80830B2519C3FC004DE9E6 /* Info.plist */,
			);
			path = InnerOuterAnimationSwiftUIUITests;
			sourceTree = "<group>";
		};
/* End PBXGroup section */

/* Begin PBXNativeTarget section */
		5C8082E32519C3FA004DE9E6 /* InnerOuterAnimationSwiftUI */ = {
			isa = PBXNativeTarget;
			buildConfigurationList = 5C80830E2519C3FC004DE9E6 /* Build configuration list for PBXNativeTarget "InnerOuterAnimationSwiftUI" */;
			buildPhases = (
				5C8082E02519C3FA004DE9E6 /* Sources */,
				5C8082E12519C3FA004DE9E6 /* Frameworks */,
				5C8082E22519C3FA004DE9E6 /* Resources */,
			);
			buildRules = (
			);
			dependencies = (
			);
			name = InnerOuterAnimationSwiftUI;
			productName = InnerOuterAnimationSwiftUI;
			productReference = 5C8082E42519C3FA004DE9E6 /* InnerOuterAnimationSwiftUI.app */;
			productType = "com.apple.product-type.application";
		};
		5C8082F92519C3FC004DE9E6 /* InnerOuterAnimationSwiftUITests */ = {
			isa = PBXNativeTarget;
			buildConfigurationList = 5C8083112519C3FC004DE9E6 /* Build configuration list for PBXNativeTarget "InnerOuterAnimationSwiftUITests" */;
			buildPhases = (
				5C8082F62519C3FC004DE9E6 /* Sources */,
				5C8082F72519C3FC004DE9E6 /* Frameworks */,
				5C8082F82519C3FC004DE9E6 /* Resources */,
			);
			buildRules = (
			);
			dependencies = (
				5C8082FC2519C3FC004DE9E6 /* PBXTargetDependency */,
			);
			name = InnerOuterAnimationSwiftUITests;
			productName = InnerOuterAnimationSwiftUITests;
			productReference = 5C8082FA2519C3FC004DE9E6 /* InnerOuterAnimationSwiftUITests.xctest */;
			productType = "com.apple.product-type.bundle.unit-test";
		};
		5C8083042519C3FC004DE9E6 /* InnerOuterAnimationSwiftUIUITests */ = {
			isa = PBXNativeTarget;
			buildConfigurationList = 5C8083142519C3FC004DE9E6 /* Build configuration list for PBXNativeTarget "InnerOuterAnimationSwiftUIUITests" */;
			buildPhases = (
				5C8083012519C3FC004DE9E6 /* Sources */,
				5C8083022519C3FC004DE9E6 /* Frameworks */,
				5C8083032519C3FC004DE9E6 /* Resources */,
			);
			buildRules = (
			);
			dependencies = (
				5C8083072519C3FC004DE9E6 /* PBXTargetDependency */,
			);
			name = InnerOuterAnimationSwiftUIUITests;
			productName = InnerOuterAnimationSwiftUIUITests;
			productReference = 5C8083052519C3FC004DE9E6 /* InnerOuterAnimationSwiftUIUITests.xctest */;
			productType = "com.apple.product-type.bundle.ui-testing";
		};
/* End PBXNativeTarget section */

/* Begin PBXProject section */
		5C8082DC2519C3FA004DE9E6 /* Project object */ = {
			isa = PBXProject;
			attributes = {
				LastSwiftUpdateCheck = 1150;
				LastUpgradeCheck = 1150;
				ORGANIZATIONNAME = "Shreyas Vilaschandra Bhike";
				TargetAttributes = {
					5C8082E32519C3FA004DE9E6 = {
						CreatedOnToolsVersion = 11.5;
					};
					5C8082F92519C3FC004DE9E6 = {
						CreatedOnToolsVersion = 11.5;
						TestTargetID = 5C8082E32519C3FA004DE9E6;
					};
					5C8083042519C3FC004DE9E6 = {
						CreatedOnToolsVersion = 11.5;
						TestTargetID = 5C8082E32519C3FA004DE9E6;
					};
				};
			};
			buildConfigurationList = 5C8082DF2519C3FA004DE9E6 /* Build configuration list for PBXProject "InnerOuterAnimationSwiftUI" */;
			compatibilityVersion = "Xcode 9.3";
			developmentRegion = en;
			hasScannedForEncodings = 0;
			knownRegions = (
				en,
				Base,
			);
			mainGroup = 5C8082DB2519C3FA004DE9E6;
			productRefGroup = 5C8082E52519C3FA004DE9E6 /* Products */;
			projectDirPath = "";
			projectRoot = "";
			targets = (
				5C8082E32519C3FA004DE9E6 /* InnerOuterAnimationSwiftUI */,
				5C8082F92519C3FC004DE9E6 /* InnerOuterAnimationSwiftUITests */,
				5C8083042519C3FC004DE9E6 /* InnerOuterAnimationSwiftUIUITests */,
			);
		};
/* End PBXProject section */

/* Begin PBXResourcesBuildPhase section */
		5C8082E22519C3FA004DE9E6 /* Resources */ = {
			isa = PBXResourcesBuildPhase;
			buildActionMask = 2147483647;
			files = (
				5C8082F42519C3FB004DE9E6 /* LaunchScreen.storyboard in Resources */,
				5C8082F12519C3FB004DE9E6 /* Preview Assets.xcassets in Resources */,
				5C8082EE2519C3FB004DE9E6 /* Assets.xcassets in Resources */,
			);
			runOnlyForDeploymentPostprocessing = 0;
		};
		5C8082F82519C3FC004DE9E6 /* Resources */ = {
			isa = PBXResourcesBuildPhase;
			buildActionMask = 2147483647;
			files = (
			);
			runOnlyForDeploymentPostprocessing = 0;
		};
		5C8083032519C3FC004DE9E6 /* Resources */ = {
			isa = PBXResourcesBuildPhase;
			buildActionMask = 2147483647;
			files = (
			);
			runOnlyForDeploymentPostprocessing = 0;
		};
/* End PBXResourcesBuildPhase section */

/* Begin PBXSourcesBuildPhase section */
		5C8082E02519C3FA004DE9E6 /* Sources */ = {
			isa = PBXSourcesBuildPhase;
			buildActionMask = 2147483647;
			files = (
				5C8082E82519C3FA004DE9E6 /* AppDelegate.swift in Sources */,
				5C8082EA2519C3FA004DE9E6 /* SceneDelegate.swift in Sources */,
				5C8082EC2519C3FA004DE9E6 /* ContentView.swift in Sources */,
			);
			runOnlyForDeploymentPostprocessing = 0;
		};
		5C8082F62519C3FC004DE9E6 /* Sources */ = {
			isa = PBXSourcesBuildPhase;
			buildActionMask = 2147483647;
			files = (
				5C8082FF2519C3FC004DE9E6 /* InnerOuterAnimationSwiftUITests.swift in Sources */,
			);
			runOnlyForDeploymentPostprocessing = 0;
		};
		5C8083012519C3FC004DE9E6 /* Sources */ = {
			isa = PBXSourcesBuildPhase;
			buildActionMask = 2147483647;
			files = (
				5C80830A2519C3FC004DE9E6 /* InnerOuterAnimationSwiftUIUITests.swift in Sources */,
			);
			runOnlyForDeploymentPostprocessing = 0;
		};
/* End PBXSourcesBuildPhase section */

/* Begin PBXTargetDependency section */
		5C8082FC2519C3FC004DE9E6 /* PBXTargetDependency */ = {
			isa = PBXTargetDependency;
			target = 5C8082E32519C3FA004DE9E6 /* InnerOuterAnimationSwiftUI */;
			targetProxy = 5C8082FB2519C3FC004DE9E6 /* PBXContainerItemProxy */;
		};
		5C8083072519C3FC004DE9E6 /* PBXTargetDependency */ = {
			isa = PBXTargetDependency;
			target = 5C8082E32519C3FA004DE9E6 /* InnerOuterAnimationSwiftUI */;
			targetProxy = 5C8083062519C3FC004DE9E6 /* PBXContainerItemProxy */;
		};
/* End PBXTargetDependency section */

/* Begin PBXVariantGroup section */
		5C8082F22519C3FB004DE9E6 /* LaunchScreen.storyboard */ = {
			isa = PBXVariantGroup;
			children = (
				5C8082F32519C3FB004DE9E6 /* Base */,
			);
			name = LaunchScreen.storyboard;
			sourceTree = "<group>";
		};
/* End PBXVariantGroup section */

/* Begin XCBuildConfiguration section */
		5C80830C2519C3FC004DE9E6 /* Debug */ = {
			isa = XCBuildConfiguration;
			buildSettings = {
				ALWAYS_SEARCH_USER_PATHS = NO;
				CLANG_ANALYZER_NONNULL = YES;
				CLANG_ANALYZER_NUMBER_OBJECT_CONVERSION = YES_AGGRESSIVE;
				CLANG_CXX_LANGUAGE_STANDARD = "gnu++14";
				CLANG_CXX_LIBRARY = "libc++";
				CLANG_ENABLE_MODULES = YES;
				CLANG_ENABLE_OBJC_ARC = YES;
				CLANG_ENABLE_OBJC_WEAK = YES;
				CLANG_WARN_BLOCK_CAPTURE_AUTORELEASING = YES;
				CLANG_WARN_BOOL_CONVERSION = YES;
				CLANG_WARN_COMMA = YES;
				CLANG_WARN_CONSTANT_CONVERSION = YES;
				CLANG_WARN_DEPRECATED_OBJC_IMPLEMENTATIONS = YES;
				CLANG_WARN_DIRECT_OBJC_ISA_USAGE = YES_ERROR;
				CLANG_WARN_DOCUMENTATION_COMMENTS = YES;
				CLANG_WARN_EMPTY_BODY = YES;
				CLANG_WARN_ENUM_CONVERSION = YES;
				CLANG_WARN_INFINITE_RECURSION = YES;
				CLANG_WARN_INT_CONVERSION = YES;
				CLANG_WARN_NON_LITERAL_NULL_CONVERSION = YES;
				CLANG_WARN_OBJC_IMPLICIT_RETAIN_SELF = YES;
				CLANG_WARN_OBJC_LITERAL_CONVERSION = YES;
				CLANG_WARN_OBJC_ROOT_CLASS = YES_ERROR;
				CLANG_WARN_RANGE_LOOP_ANALYSIS = YES;
				CLANG_WARN_STRICT_PROTOTYPES = YES;
				CLANG_WARN_SUSPICIOUS_MOVE = YES;
				CLANG_WARN_UNGUARDED_AVAILABILITY = YES_AGGRESSIVE;
				CLANG_WARN_UNREACHABLE_CODE = YES;
				CLANG_WARN__DUPLICATE_METHOD_MATCH = YES;
				COPY_PHASE_STRIP = NO;
				DEBUG_INFORMATION_FORMAT = dwarf;
				ENABLE_STRICT_OBJC_MSGSEND = YES;
				ENABLE_TESTABILITY = YES;
				GCC_C_LANGUAGE_STANDARD = gnu11;
				GCC_DYNAMIC_NO_PIC = NO;
				GCC_NO_COMMON_BLOCKS = YES;
				GCC_OPTIMIZATION_LEVEL = 0;
				GCC_PREPROCESSOR_DEFINITIONS = (
					"DEBUG=1",
					"$(inherited)",
				);
				GCC_WARN_64_TO_32_BIT_CONVERSION = YES;
				GCC_WARN_ABOUT_RETURN_TYPE = YES_ERROR;
				GCC_WARN_UNDECLARED_SELECTOR = YES;
				GCC_WARN_UNINITIALIZED_AUTOS = YES_AGGRESSIVE;
				GCC_WARN_UNUSED_FUNCTION = YES;
				GCC_WARN_UNUSED_VARIABLE = YES;
				IPHONEOS_DEPLOYMENT_TARGET = 13.5;
				MTL_ENABLE_DEBUG_INFO = INCLUDE_SOURCE;
				MTL_FAST_MATH = YES;
				ONLY_ACTIVE_ARCH = YES;
				SDKROOT = iphoneos;
				SWIFT_ACTIVE_COMPILATION_CONDITIONS = DEBUG;
				SWIFT_OPTIMIZATION_LEVEL = "-Onone";
			};
			name = Debug;
		};
		5C80830D2519C3FC004DE9E6 /* Release */ = {
			isa = XCBuildConfiguration;
			buildSettings = {
				ALWAYS_SEARCH_USER_PATHS = NO;
				CLANG_ANALYZER_NONNULL = YES;
				CLANG_ANALYZER_NUMBER_OBJECT_CONVERSION = YES_AGGRESSIVE;
				CLANG_CXX_LANGUAGE_STANDARD = "gnu++14";
				CLANG_CXX_LIBRARY = "libc++";
				CLANG_ENABLE_MODULES = YES;
				CLANG_ENABLE_OBJC_ARC = YES;
				CLANG_ENABLE_OBJC_WEAK = YES;
				CLANG_WARN_BLOCK_CAPTURE_AUTORELEASING = YES;
				CLANG_WARN_BOOL_CONVERSION = YES;
				CLANG_WARN_COMMA = YES;
				CLANG_WARN_CONSTANT_CONVERSION = YES;
				CLANG_WARN_DEPRECATED_OBJC_IMPLEMENTATIONS = YES;
				CLANG_WARN_DIRECT_OBJC_ISA_USAGE = YES_ERROR;
				CLANG_WARN_DOCUMENTATION_COMMENTS = YES;
				CLANG_WARN_EMPTY_BODY = YES;
				CLANG_WARN_ENUM_CONVERSION = YES;
				CLANG_WARN_INFINITE_RECURSION = YES;
				CLANG_WARN_INT_CONVERSION = YES;
				CLANG_WARN_NON_LITERAL_NULL_CONVERSION = YES;
				CLANG_WARN_OBJC_IMPLICIT_RETAIN_SELF = YES;
				CLANG_WARN_OBJC_LITERAL_CONVERSION = YES;
				CLANG_WARN_OBJC_ROOT_CLASS = YES_ERROR;
				CLANG_WARN_RANGE_LOOP_ANALYSIS = YES;
				CLANG_WARN_STRICT_PROTOTYPES = YES;
				CLANG_WARN_SUSPICIOUS_MOVE = YES;
				CLANG_WARN_UNGUARDED_AVAILABILITY = YES_AGGRESSIVE;
				CLANG_WARN_UNREACHABLE_CODE = YES;
				CLANG_WARN__DUPLICATE_METHOD_MATCH = YES;
				COPY_PHASE_STRIP = NO;
				DEBUG_INFORMATION_FORMAT = "dwarf-with-dsym";
				ENABLE_NS_ASSERTIONS = NO;
				ENABLE_STRICT_OBJC_MSGSEND = YES;
				GCC_C_LANGUAGE_STANDARD = gnu11;
				GCC_NO_COMMON_BLOCKS = YES;
				GCC_WARN_64_TO_32_BIT_CONVERSION = YES;
				GCC_WARN_ABOUT_RETURN_TYPE = YES_ERROR;
				GCC_WARN_UNDECLARED_SELECTOR = YES;
				GCC_WARN_UNINITIALIZED_AUTOS = YES_AGGRESSIVE;
				GCC_WARN_UNUSED_FUNCTION = YES;
				GCC_WARN_UNUSED_VARIABLE = YES;
				IPHONEOS_DEPLOYMENT_TARGET = 13.5;
				MTL_ENABLE_DEBUG_INFO = NO;
				MTL_FAST_MATH = YES;
				SDKROOT = iphoneos;
				SWIFT_COMPILATION_MODE = wholemodule;
				SWIFT_OPTIMIZATION_LEVEL = "-O";
				VALIDATE_PRODUCT = YES;
			};
			name = Release;
		};
		5C80830F2519C3FC004DE9E6 /* Debug */ = {
			isa = XCBuildConfiguration;
			buildSettings = {
				ASSETCATALOG_COMPILER_APPICON_NAME = AppIcon;
				CODE_SIGN_STYLE = Automatic;
				DEVELOPMENT_ASSET_PATHS = "\"InnerOuterAnimationSwiftUI/Preview Content\"";
				ENABLE_PREVIEWS = YES;
				INFOPLIST_FILE = InnerOuterAnimationSwiftUI/Info.plist;
				LD_RUNPATH_SEARCH_PATHS = (
					"$(inherited)",
					"@executable_path/Frameworks",
				);
				PRODUCT_BUNDLE_IDENTIFIER = com.shreyasvilaschandrabhike.InnerOuterAnimationSwiftUI;
				PRODUCT_NAME = "$(TARGET_NAME)";
				SWIFT_VERSION = 5.0;
				TARGETED_DEVICE_FAMILY = "1,2";
			};
			name = Debug;
		};
		5C8083102519C3FC004DE9E6 /* Release */ = {
			isa = XCBuildConfiguration;
			buildSettings = {
				ASSETCATALOG_COMPILER_APPICON_NAME = AppIcon;
				CODE_SIGN_STYLE = Automatic;
				DEVELOPMENT_ASSET_PATHS = "\"InnerOuterAnimationSwiftUI/Preview Content\"";
				ENABLE_PREVIEWS = YES;
				INFOPLIST_FILE = InnerOuterAnimationSwiftUI/Info.plist;
				LD_RUNPATH_SEARCH_PATHS = (
					"$(inherited)",
					"@executable_path/Frameworks",
				);
				PRODUCT_BUNDLE_IDENTIFIER = com.shreyasvilaschandrabhike.InnerOuterAnimationSwiftUI;
				PRODUCT_NAME = "$(TARGET_NAME)";
				SWIFT_VERSION = 5.0;
				TARGETED_DEVICE_FAMILY = "1,2";
			};
			name = Release;
		};
		5C8083122519C3FC004DE9E6 /* Debug */ = {
			isa = XCBuildConfiguration;
			buildSettings = {
				ALWAYS_EMBED_SWIFT_STANDARD_LIBRARIES = YES;
				BUNDLE_LOADER = "$(TEST_HOST)";
				CODE_SIGN_STYLE = Automatic;
				INFOPLIST_FILE = InnerOuterAnimationSwiftUITests/Info.plist;
				IPHONEOS_DEPLOYMENT_TARGET = 13.5;
				LD_RUNPATH_SEARCH_PATHS = (
					"$(inherited)",
					"@executable_path/Frameworks",
					"@loader_path/Frameworks",
				);
				PRODUCT_BUNDLE_IDENTIFIER = com.shreyasvilaschandrabhike.InnerOuterAnimationSwiftUITests;
				PRODUCT_NAME = "$(TARGET_NAME)";
				SWIFT_VERSION = 5.0;
				TARGETED_DEVICE_FAMILY = "1,2";
				TEST_HOST = "$(BUILT_PRODUCTS_DIR)/InnerOuterAnimationSwiftUI.app/InnerOuterAnimationSwiftUI";
			};
			name = Debug;
		};
		5C8083132519C3FC004DE9E6 /* Release */ = {
			isa = XCBuildConfiguration;
			buildSettings = {
				ALWAYS_EMBED_SWIFT_STANDARD_LIBRARIES = YES;
				BUNDLE_LOADER = "$(TEST_HOST)";
				CODE_SIGN_STYLE = Automatic;
				INFOPLIST_FILE = InnerOuterAnimationSwiftUITests/Info.plist;
				IPHONEOS_DEPLOYMENT_TARGET = 13.5;
				LD_RUNPATH_SEARCH_PATHS = (
					"$(inherited)",
					"@executable_path/Frameworks",
					"@loader_path/Frameworks",
				);
				PRODUCT_BUNDLE_IDENTIFIER = com.shreyasvilaschandrabhike.InnerOuterAnimationSwiftUITests;
				PRODUCT_NAME = "$(TARGET_NAME)";
				SWIFT_VERSION = 5.0;
				TARGETED_DEVICE_FAMILY = "1,2";
				TEST_HOST = "$(BUILT_PRODUCTS_DIR)/InnerOuterAnimationSwiftUI.app/InnerOuterAnimationSwiftUI";
			};
			name = Release;
		};
		5C8083152519C3FC004DE9E6 /* Debug */ = {
			isa = XCBuildConfiguration;
			buildSettings = {
				ALWAYS_EMBED_SWIFT_STANDARD_LIBRARIES = YES;
				CODE_SIGN_STYLE = Automatic;
				INFOPLIST_FILE = InnerOuterAnimationSwiftUIUITests/Info.plist;
				LD_RUNPATH_SEARCH_PATHS = (
					"$(inherited)",
					"@executable_path/Frameworks",
					"@loader_path/Frameworks",
				);
				PRODUCT_BUNDLE_IDENTIFIER = com.shreyasvilaschandrabhike.InnerOuterAnimationSwiftUIUITests;
				PRODUCT_NAME = "$(TARGET_NAME)";
				SWIFT_VERSION = 5.0;
				TARGETED_DEVICE_FAMILY = "1,2";
				TEST_TARGET_NAME = InnerOuterAnimationSwiftUI;
			};
			name = Debug;
		};
		5C8083162519C3FC004DE9E6 /* Release */ = {
			isa = XCBuildConfiguration;
			buildSettings = {
				ALWAYS_EMBED_SWIFT_STANDARD_LIBRARIES = YES;
				CODE_SIGN_STYLE = Automatic;
				INFOPLIST_FILE = InnerOuterAnimationSwiftUIUITests/Info.plist;
				LD_RUNPATH_SEARCH_PATHS = (
					"$(inherited)",
					"@executable_path/Frameworks",
					"@loader_path/Frameworks",
				);
				PRODUCT_BUNDLE_IDENTIFIER = com.shreyasvilaschandrabhike.InnerOuterAnimationSwiftUIUITests;
				PRODUCT_NAME = "$(TARGET_NAME)";
				SWIFT_VERSION = 5.0;
				TARGETED_DEVICE_FAMILY = "1,2";
				TEST_TARGET_NAME = InnerOuterAnimationSwiftUI;
			};
			name = Release;
		};
/* End XCBuildConfiguration section */

/* Begin XCConfigurationList section */
		5C8082DF2519C3FA004DE9E6 /* Build configuration list for PBXProject "InnerOuterAnimationSwiftUI" */ = {
			isa = XCConfigurationList;
			buildConfigurations = (
				5C80830C2519C3FC004DE9E6 /* Debug */,
				5C80830D2519C3FC004DE9E6 /* Release */,
			);
			defaultConfigurationIsVisible = 0;
			defaultConfigurationName = Release;
		};
		5C80830E2519C3FC004DE9E6 /* Build configuration list for PBXNativeTarget "InnerOuterAnimationSwiftUI" */ = {
			isa = XCConfigurationList;
			buildConfigurations = (
				5C80830F2519C3FC004DE9E6 /* Debug */,
				5C8083102519C3FC004DE9E6 /* Release */,
			);
			defaultConfigurationIsVisible = 0;
			defaultConfigurationName = Release;
		};
		5C8083112519C3FC004DE9E6 /* Build configuration list for PBXNativeTarget "InnerOuterAnimationSwiftUITests" */ = {
			isa = XCConfigurationList;
			buildConfigurations = (
				5C8083122519C3FC004DE9E6 /* Debug */,
				5C8083132519C3FC004DE9E6 /* Release */,
			);
			defaultConfigurationIsVisible = 0;
			defaultConfigurationName = Release;
		};
		5C8083142519C3FC004DE9E6 /* Build configuration list for PBXNativeTarget "InnerOuterAnimationSwiftUIUITests" */ = {
			isa = XCConfigurationList;
			buildConfigurations = (
				5C8083152519C3FC004DE9E6 /* Debug */,
				5C8083162519C3FC004DE9E6 /* Release */,
			);
			defaultConfigurationIsVisible = 0;
			defaultConfigurationName = Release;
		};
/* End XCConfigurationList section */
	};
	rootObject = 5C8082DC2519C3FA004DE9E6 /* Project object */;
}
